PODS:
  - CryptoSwift (0.8.3)
  - EmptyDataView (0.0.1):
    - RxCocoa (~> 4.1.2)
    - RxSwift (~> 4.1.2)
    - SnapKit (~> 4.0.0)
  - FBSnapshotTestCase (2.1.4):
    - FBSnapshotTestCase/SwiftSupport (= 2.1.4)
  - FBSnapshotTestCase/Core (2.1.4)
  - FBSnapshotTestCase/SwiftSupport (2.1.4):
    - FBSnapshotTestCase/Core
  - Kingfisher (4.6.4)
  - MBProgressHUD (1.1.0)
  - MJRefresh (3.1.15.7)
  - ModelProtocol (0.0.1):
    - SwiftyJSON (~> 4.0.0)
  - NVActivityIndicatorView (4.3.0):
    - NVActivityIndicatorView/Presenter (= 4.3.0)
  - NVActivityIndicatorView/Presenter (4.3.0)
  - RxCocoa (4.1.2):
    - RxSwift (~> 4.0)
  - RxSwift (4.1.2)
  - SnapKit (4.0.1)
  - SwiftyJSON (4.0.0)
  - SwiftyUserDefaults (3.0.1)
  - Toast-Swift (3.0.1)
  - TUtilCore (0.4.0):
    - CryptoSwift (~> 0.8.3)
    - EmptyDataView (~> 0.0.1)
    - Kingfisher (~> 4.6.4)
    - MBProgressHUD (~> 1.1.0)
    - MJRefresh (~> 3.1.15.3)
    - ModelProtocol (~> 0.0.1)
    - NVActivityIndicatorView (~> 4.3.0)
    - RxCocoa (~> 4.1.2)
    - RxSwift (~> 4.1.2)
    - SnapKit (~> 4.0.0)
    - SwiftyUserDefaults (~> 3.0.1)
    - Toast-Swift (~> 3.0.1)
    - URLNavigator (~> 2.0.4)
    - WebViewJavascriptBridge (~> 6.0.3)
  - URLNavigator (2.0.6)
  - WebViewJavascriptBridge (6.0.3)

DEPENDENCIES:
  - FBSnapshotTestCase (~> 2.1.4)
  - TUtilCore (from `../`)

SPEC REPOS:
  trunk:
    - CryptoSwift
    - EmptyDataView
    - FBSnapshotTestCase
    - Kingfisher
    - MBProgressHUD
    - MJRefresh
    - ModelProtocol
    - NVActivityIndicatorView
    - RxCocoa
    - RxSwift
    - SnapKit
    - SwiftyJSON
    - SwiftyUserDefaults
    - Toast-Swift
    - URLNavigator
    - WebViewJavascriptBridge

EXTERNAL SOURCES:
  TUtilCore:
    :path: "../"

SPEC CHECKSUMS:
  CryptoSwift: 033efc3523865d19cc6ab6612fa17a62613b5dfa
  EmptyDataView: 5aa766c2e9e33d13e047dc18dcd93355744cf5cd
  FBSnapshotTestCase: 094f9f314decbabe373b87cc339bea235a63e07a
  Kingfisher: 68498a706e46c2a050b0c9572f100e5db407f6e0
  MBProgressHUD: e7baa36a220447d8aeb12769bf0585582f3866d9
  MJRefresh: 697f8ec75ebdbe9207767bb682cf0f51b0d8a41f
  ModelProtocol: d837eacfe2d501da88c75800df98d60f5367f0ac
  NVActivityIndicatorView: 963f62bf9f993fcf23218e55958e5b1761b9504c
  RxCocoa: d88ba0f1f6abf040011a9eb4b539324fc426843a
  RxSwift: e49536837d9901277638493ea537394d4b55f570
  SnapKit: 0de968a9fec17499afa29683b05d0c775b6d1c29
  SwiftyJSON: 070dabdcb1beb81b247c65ffa3a79dbbfb3b48aa
  SwiftyUserDefaults: 3d273b1739b68ada3145dc754a70ec775bc5c8be
  Toast-Swift: ba0b01b095aada709d915f9beb1d38184a2721c3
  TUtilCore: 3d7bad53783459723cd3e3b8ca3a49d18dc3a400
  URLNavigator: 2357a32f3b3787b748bf87deb927761f8b0f7f53
  WebViewJavascriptBridge: 7f5bc4d3581e672e8f32bd0f812d54bc69bb8e29

PODFILE CHECKSUM: 2774eb12a64bfa37db06036db2b8271988940728

COCOAPODS: 1.9.1
